PODS:
  - SGASScreenRecorder (1.0.1):
    - SGASScreenRecorder/SGASPhotoLibraryScreenRecorder (= 1.0.1)
    - SGASScreenRecorder/SGASScreenRecorder (= 1.0.1)
    - SGVObjcMixin (~> 1.0)
  - SGASScreenRecorder/SGASPhotoLibraryScreenRecorder (1.0.1):
    - SGASScreenRecorder/SGASScreenRecorder
    - SGVObjcMixin (~> 1.0)
  - SGASScreenRecorder/SGASScreenRecorder (1.0.1):
    - SGASScreenRecorder/SGASScreenRecorder/SGASScreenRecorderPrivate (= 1.0.1)
    - SGVBackgroundRunloop (~> 1.0)
    - SGVObjcMixin (~> 1.0)
  - SGASScreenRecorder/SGASScreenRecorder/SGASScreenRecorderPrivate (1.0.1):
    - SGVBackgroundRunloop (~> 1.0)
    - SGVObjcMixin (~> 1.0)
  - SGVBackgroundRunloop (1.0.0)
  - SGVObjcMixin (1.0.0)

DEPENDENCIES:
  - SGASScreenRecorder (from `../`)

EXTERNAL SOURCES:
  SGASScreenRecorder:
    :path: "../"

SPEC CHECKSUMS:
  SGASScreenRecorder: 0141a219ba056296c4451da4bb1108462dd59bea
  SGVBackgroundRunloop: d2f6f0b438c98caefdb0ac7ff63588a364c52c45
  SGVObjcMixin: 0f6562626c60c115eb24db96833e33d4c2325722

PODFILE CHECKSUM: 2c6ed9d29850d800eca1751c328afa5ab7932fcf

COCOAPODS: 1.0.0.beta.2
