// !$*UTF8*$!
{
	archiveVersion = 1;
	classes = {
	};
	objectVersion = 46;
	objects = {

/* Begin PBXBuildFile section */
		6003F58E195388D20070C39A /* Foundation.framework in Frameworks */ = {isa = PBXBuildFile; fileRef = 6003F58D195388D20070C39A /* Foundation.framework */; };
		6003F590195388D20070C39A /* CoreGraphics.framework in Frameworks */ = {isa = PBXBuildFile; fileRef = 6003F58F195388D20070C39A /* CoreGraphics.framework */; };
		6003F592195388D20070C39A /* UIKit.framework in Frameworks */ = {isa = PBXBuildFile; fileRef = 6003F591195388D20070C39A /* UIKit.framework */; };
		EBF60E5CFBA328EBE8451465 /* libPods-SGASScreenRecorderDemo.a in Frameworks */ = {isa = PBXBuildFile; fileRef = AD69F811DB63E79BE9F3DFDF /* libPods-SGASScreenRecorderDemo.a */; };
		F30ED6031A5FBCAF002E62FE /* InfoPlist.strings in Resources */ = {isa = PBXBuildFile; fileRef = F30ED5F81A5FBCAF002E62FE /* InfoPlist.strings */; };
		F30ED6041A5FBCAF002E62FE /* Images.xcassets in Resources */ = {isa = PBXBuildFile; fileRef = F30ED5FA1A5FBCAF002E62FE /* Images.xcassets */; };
		F30ED6051A5FBCAF002E62FE /* main.m in Sources */ = {isa = PBXBuildFile; fileRef = F30ED5FB1A5FBCAF002E62FE /* main.m */; };
		F30ED6061A5FBCAF002E62FE /* SGASAppDelegate.m in Sources */ = {isa = PBXBuildFile; fileRef = F30ED5FD1A5FBCAF002E62FE /* SGASAppDelegate.m */; };
		F30ED6081A5FBCAF002E62FE /* SGASTableViewController.m in Sources */ = {isa = PBXBuildFile; fileRef = F30ED6001A5FBCAF002E62FE /* SGASTableViewController.m */; };
		F30ED6091A5FBCAF002E62FE /* SGASWebViewController.m in Sources */ = {isa = PBXBuildFile; fileRef = F30ED6021A5FBCAF002E62FE /* SGASWebViewController.m */; };
/* End PBXBuildFile section */

/* Begin PBXFileReference section */
		3362FCF44AA25FB6C07AA3D3 /* Pods-SGASScreenRecorderDemo.debug.xcconfig */ = {isa = PBXFileReference; includeInIndex = 1; lastKnownFileType = text.xcconfig; name = "Pods-SGASScreenRecorderDemo.debug.xcconfig"; path = "Pods/Target Support Files/Pods-SGASScreenRecorderDemo/Pods-SGASScreenRecorderDemo.debug.xcconfig"; sourceTree = "<group>"; };
		39A677CCF5E5B4B4490AB5EF /* SGASScreenRecorder.podspec */ = {isa = PBXFileReference; includeInIndex = 1; lastKnownFileType = text; name = SGASScreenRecorder.podspec; path = ../SGASScreenRecorder.podspec; sourceTree = "<group>"; };
		6003F58A195388D20070C39A /* SGASScreenRecorderDemo.app */ = {isa = PBXFileReference; explicitFileType = wrapper.application; includeInIndex = 0; path = SGASScreenRecorderDemo.app; sourceTree = BUILT_PRODUCTS_DIR; };
		6003F58D195388D20070C39A /* Foundation.framework */ = {isa = PBXFileReference; lastKnownFileType = wrapper.framework; name = Foundation.framework; path = System/Library/Frameworks/Foundation.framework; sourceTree = SDKROOT; };
		6003F58F195388D20070C39A /* CoreGraphics.framework */ = {isa = PBXFileReference; lastKnownFileType = wrapper.framework; name = CoreGraphics.framework; path = System/Library/Frameworks/CoreGraphics.framework; sourceTree = SDKROOT; };
		6003F591195388D20070C39A /* UIKit.framework */ = {isa = PBXFileReference; lastKnownFileType = wrapper.framework; name = UIKit.framework; path = System/Library/Frameworks/UIKit.framework; sourceTree = SDKROOT; };
		75DAA0457AA5576E62FDEB11 /* README.md */ = {isa = PBXFileReference; includeInIndex = 1; lastKnownFileType = net.daringfireball.markdown; name = README.md; path = ../README.md; sourceTree = "<group>"; };
		A9A4ADED5CBFE8D5E0BEB8B8 /* LICENSE */ = {isa = PBXFileReference; includeInIndex = 1; lastKnownFileType = text; name = LICENSE; path = ../LICENSE; sourceTree = "<group>"; };
		AD69F811DB63E79BE9F3DFDF /* libPods-SGASScreenRecorderDemo.a */ = {isa = PBXFileReference; explicitFileType = archive.ar; includeInIndex = 0; path = "libPods-SGASScreenRecorderDemo.a"; sourceTree = BUILT_PRODUCTS_DIR; };
		DEC593A0333839132F38437C /* Pods-SGASScreenRecorderDemo.release.xcconfig */ = {isa = PBXFileReference; includeInIndex = 1; lastKnownFileType = text.xcconfig; name = "Pods-SGASScreenRecorderDemo.release.xcconfig"; path = "Pods/Target Support Files/Pods-SGASScreenRecorderDemo/Pods-SGASScreenRecorderDemo.release.xcconfig"; sourceTree = "<group>"; };
		F30ED5F91A5FBCAF002E62FE /* en */ = {isa = PBXFileReference; lastKnownFileType = text.plist.strings; name = en; path = en.lproj/InfoPlist.strings; sourceTree = "<group>"; };
		F30ED5FA1A5FBCAF002E62FE /* Images.xcassets */ = {isa = PBXFileReference; lastKnownFileType = folder.assetcatalog; path = Images.xcassets; sourceTree = "<group>"; };
		F30ED5FB1A5FBCAF002E62FE /* main.m */ = {isa = PBXFileReference; fileEncoding = 4; lastKnownFileType = sourcecode.c.objc; path = main.m; sourceTree = "<group>"; };
		F30ED5FC1A5FBCAF002E62FE /* SGASAppDelegate.h */ = {isa = PBXFileReference; fileEncoding = 4; lastKnownFileType = sourcecode.c.h; path = SGASAppDelegate.h; sourceTree = "<group>"; };
		F30ED5FD1A5FBCAF002E62FE /* SGASAppDelegate.m */ = {isa = PBXFileReference; fileEncoding = 4; lastKnownFileType = sourcecode.c.objc; path = SGASAppDelegate.m; sourceTree = "<group>"; };
		F30ED5FE1A5FBCAF002E62FE /* SGASScreenRecorderDemo-Info.plist */ = {isa = PBXFileReference; fileEncoding = 4; lastKnownFileType = text.plist.xml; path = "SGASScreenRecorderDemo-Info.plist"; sourceTree = "<group>"; };
		F30ED5FF1A5FBCAF002E62FE /* SGASTableViewController.h */ = {isa = PBXFileReference; fileEncoding = 4; lastKnownFileType = sourcecode.c.h; path = SGASTableViewController.h; sourceTree = "<group>"; };
		F30ED6001A5FBCAF002E62FE /* SGASTableViewController.m */ = {isa = PBXFileReference; fileEncoding = 4; lastKnownFileType = sourcecode.c.objc; path = SGASTableViewController.m; sourceTree = "<group>"; };
		F30ED6011A5FBCAF002E62FE /* SGASWebViewController.h */ = {isa = PBXFileReference; fileEncoding = 4; lastKnownFileType = sourcecode.c.h; path = SGASWebViewController.h; sourceTree = "<group>"; };
		F30ED6021A5FBCAF002E62FE /* SGASWebViewController.m */ = {isa = PBXFileReference; fileEncoding = 4; lastKnownFileType = sourcecode.c.objc; path = SGASWebViewController.m; sourceTree = "<group>"; };
/* End PBXFileReference section */

/* Begin PBXFrameworksBuildPhase section */
		6003F587195388D20070C39A /* Frameworks */ = {
			isa = PBXFrameworksBuildPhase;
			buildActionMask = 2147483647;
			files = (
				6003F590195388D20070C39A /* CoreGraphics.framework in Frameworks */,
				6003F592195388D20070C39A /* UIKit.framework in Frameworks */,
				6003F58E195388D20070C39A /* Foundation.framework in Frameworks */,
				EBF60E5CFBA328EBE8451465 /* libPods-SGASScreenRecorderDemo.a in Frameworks */,
			);
			runOnlyForDeploymentPostprocessing = 0;
		};
/* End PBXFrameworksBuildPhase section */

/* Begin PBXGroup section */
		6003F581195388D10070C39A = {
			isa = PBXGroup;
			children = (
				60FF7A9C1954A5C5007DD14C /* Podspec Metadata */,
				F30ED5F71A5FBCAF002E62FE /* SGASScreenRecorderDemo */,
				6003F58C195388D20070C39A /* Frameworks */,
				6003F58B195388D20070C39A /* Products */,
				C31BFEFF105A883C6A907F3F /* Pods */,
			);
			sourceTree = "<group>";
		};
		6003F58B195388D20070C39A /* Products */ = {
			isa = PBXGroup;
			children = (
				6003F58A195388D20070C39A /* SGASScreenRecorderDemo.app */,
			);
			name = Products;
			sourceTree = "<group>";
		};
		6003F58C195388D20070C39A /* Frameworks */ = {
			isa = PBXGroup;
			children = (
				6003F58D195388D20070C39A /* Foundation.framework */,
				6003F58F195388D20070C39A /* CoreGraphics.framework */,
				6003F591195388D20070C39A /* UIKit.framework */,
				AD69F811DB63E79BE9F3DFDF /* libPods-SGASScreenRecorderDemo.a */,
			);
			name = Frameworks;
			sourceTree = "<group>";
		};
		60FF7A9C1954A5C5007DD14C /* Podspec Metadata */ = {
			isa = PBXGroup;
			children = (
				39A677CCF5E5B4B4490AB5EF /* SGASScreenRecorder.podspec */,
				75DAA0457AA5576E62FDEB11 /* README.md */,
				A9A4ADED5CBFE8D5E0BEB8B8 /* LICENSE */,
			);
			name = "Podspec Metadata";
			sourceTree = "<group>";
		};
		C31BFEFF105A883C6A907F3F /* Pods */ = {
			isa = PBXGroup;
			children = (
				3362FCF44AA25FB6C07AA3D3 /* Pods-SGASScreenRecorderDemo.debug.xcconfig */,
				DEC593A0333839132F38437C /* Pods-SGASScreenRecorderDemo.release.xcconfig */,
			);
			name = Pods;
			sourceTree = "<group>";
		};
		F30ED5F71A5FBCAF002E62FE /* SGASScreenRecorderDemo */ = {
			isa = PBXGroup;
			children = (
				F30ED5F81A5FBCAF002E62FE /* InfoPlist.strings */,
				F30ED5FA1A5FBCAF002E62FE /* Images.xcassets */,
				F30ED5FB1A5FBCAF002E62FE /* main.m */,
				F30ED5FC1A5FBCAF002E62FE /* SGASAppDelegate.h */,
				F30ED5FD1A5FBCAF002E62FE /* SGASAppDelegate.m */,
				F30ED5FE1A5FBCAF002E62FE /* SGASScreenRecorderDemo-Info.plist */,
				F30ED5FF1A5FBCAF002E62FE /* SGASTableViewController.h */,
				F30ED6001A5FBCAF002E62FE /* SGASTableViewController.m */,
				F30ED6011A5FBCAF002E62FE /* SGASWebViewController.h */,
				F30ED6021A5FBCAF002E62FE /* SGASWebViewController.m */,
			);
			path = SGASScreenRecorderDemo;
			sourceTree = "<group>";
		};
/* End PBXGroup section */

/* Begin PBXNativeTarget section */
		6003F589195388D20070C39A /* SGASScreenRecorderDemo */ = {
			isa = PBXNativeTarget;
			buildConfigurationList = 6003F5BF195388D20070C39A /* Build configuration list for PBXNativeTarget "SGASScreenRecorderDemo" */;
			buildPhases = (
				A509C34306370BD4A51ABCC6 /* Check Pods Manifest.lock */,
				6003F586195388D20070C39A /* Sources */,
				6003F587195388D20070C39A /* Frameworks */,
				6003F588195388D20070C39A /* Resources */,
				348F6D958A8E9DD2195ED952 /* Copy Pods Resources */,
			);
			buildRules = (
			);
			dependencies = (
			);
			name = SGASScreenRecorderDemo;
			productName = SGASScreenRecorder;
			productReference = 6003F58A195388D20070C39A /* SGASScreenRecorderDemo.app */;
			productType = "com.apple.product-type.application";
		};
/* End PBXNativeTarget section */

/* Begin PBXProject section */
		6003F582195388D10070C39A /* Project object */ = {
			isa = PBXProject;
			attributes = {
				CLASSPREFIX = SGAS;
				LastUpgradeCheck = 0510;
				ORGANIZATIONNAME = "Alexander Gusev";
			};
			buildConfigurationList = 6003F585195388D10070C39A /* Build configuration list for PBXProject "SGASScreenRecorderDemo" */;
			compatibilityVersion = "Xcode 3.2";
			developmentRegion = English;
			hasScannedForEncodings = 0;
			knownRegions = (
				en,
				Base,
			);
			mainGroup = 6003F581195388D10070C39A;
			productRefGroup = 6003F58B195388D20070C39A /* Products */;
			projectDirPath = "";
			projectRoot = "";
			targets = (
				6003F589195388D20070C39A /* SGASScreenRecorderDemo */,
			);
		};
/* End PBXProject section */

/* Begin PBXResourcesBuildPhase section */
		6003F588195388D20070C39A /* Resources */ = {
			isa = PBXResourcesBuildPhase;
			buildActionMask = 2147483647;
			files = (
				F30ED6031A5FBCAF002E62FE /* InfoPlist.strings in Resources */,
				F30ED6041A5FBCAF002E62FE /* Images.xcassets in Resources */,
			);
			runOnlyForDeploymentPostprocessing = 0;
		};
/* End PBXResourcesBuildPhase section */

/* Begin PBXShellScriptBuildPhase section */
		348F6D958A8E9DD2195ED952 /* Copy Pods Resources */ = {
			isa = PBXShellScriptBuildPhase;
			buildActionMask = 2147483647;
			files = (
			);
			inputPaths = (
			);
			name = "Copy Pods Resources";
			outputPaths = (
			);
			runOnlyForDeploymentPostprocessing = 0;
			shellPath = /bin/sh;
			shellScript = "\"${SRCROOT}/Pods/Target Support Files/Pods-SGASScreenRecorderDemo/Pods-SGASScreenRecorderDemo-resources.sh\"\n";
			showEnvVarsInLog = 0;
		};
		A509C34306370BD4A51ABCC6 /* Check Pods Manifest.lock */ = {
			isa = PBXShellScriptBuildPhase;
			buildActionMask = 2147483647;
			files = (
			);
			inputPaths = (
			);
			name = "Check Pods Manifest.lock";
			outputPaths = (
			);
			runOnlyForDeploymentPostprocessing = 0;
			shellPath = /bin/sh;
			shellScript = "diff \"${PODS_ROOT}/../Podfile.lock\" \"${PODS_ROOT}/Manifest.lock\" > /dev/null\nif [[ $? != 0 ]] ; then\n    cat << EOM\nerror: The sandbox is not in sync with the Podfile.lock. Run 'pod install' or update your CocoaPods installation.\nEOM\n    exit 1\nfi\n";
			showEnvVarsInLog = 0;
		};
/* End PBXShellScriptBuildPhase section */

/* Begin PBXSourcesBuildPhase section */
		6003F586195388D20070C39A /* Sources */ = {
			isa = PBXSourcesBuildPhase;
			buildActionMask = 2147483647;
			files = (
				F30ED6081A5FBCAF002E62FE /* SGASTableViewController.m in Sources */,
				F30ED6091A5FBCAF002E62FE /* SGASWebViewController.m in Sources */,
				F30ED6061A5FBCAF002E62FE /* SGASAppDelegate.m in Sources */,
				F30ED6051A5FBCAF002E62FE /* main.m in Sources */,
			);
			runOnlyForDeploymentPostprocessing = 0;
		};
/* End PBXSourcesBuildPhase section */

/* Begin PBXVariantGroup section */
		F30ED5F81A5FBCAF002E62FE /* InfoPlist.strings */ = {
			isa = PBXVariantGroup;
			children = (
				F30ED5F91A5FBCAF002E62FE /* en */,
			);
			name = InfoPlist.strings;
			sourceTree = "<group>";
		};
/* End PBXVariantGroup section */

/* Begin XCBuildConfiguration section */
		6003F5BD195388D20070C39A /* Debug */ = {
			isa = XCBuildConfiguration;
			buildSettings = {
				ALWAYS_SEARCH_USER_PATHS = NO;
				CLANG_CXX_LANGUAGE_STANDARD = "gnu++0x";
				CLANG_CXX_LIBRARY = "libc++";
				CLANG_ENABLE_MODULES = YES;
				CLANG_ENABLE_OBJC_ARC = YES;
				CLANG_WARN_BOOL_CONVERSION = YES;
				CLANG_WARN_CONSTANT_CONVERSION = YES;
				CLANG_WARN_DIRECT_OBJC_ISA_USAGE = YES_ERROR;
				CLANG_WARN_EMPTY_BODY = YES;
				CLANG_WARN_ENUM_CONVERSION = YES;
				CLANG_WARN_INT_CONVERSION = YES;
				CLANG_WARN_OBJC_ROOT_CLASS = YES_ERROR;
				CLANG_WARN__DUPLICATE_METHOD_MATCH = YES;
				"CODE_SIGN_IDENTITY[sdk=iphoneos*]" = "iPhone Developer";
				COPY_PHASE_STRIP = NO;
				GCC_C_LANGUAGE_STANDARD = gnu99;
				GCC_DYNAMIC_NO_PIC = NO;
				GCC_OPTIMIZATION_LEVEL = 0;
				GCC_PREPROCESSOR_DEFINITIONS = (
					"DEBUG=1",
					"$(inherited)",
				);
				GCC_SYMBOLS_PRIVATE_EXTERN = NO;
				GCC_WARN_64_TO_32_BIT_CONVERSION = YES;
				GCC_WARN_ABOUT_RETURN_TYPE = YES_ERROR;
				GCC_WARN_UNDECLARED_SELECTOR = YES;
				GCC_WARN_UNINITIALIZED_AUTOS = YES_AGGRESSIVE;
				GCC_WARN_UNUSED_FUNCTION = YES;
				GCC_WARN_UNUSED_VARIABLE = YES;
				IPHONEOS_DEPLOYMENT_TARGET = 7.0;
				ONLY_ACTIVE_ARCH = YES;
				SDKROOT = iphoneos;
				TARGETED_DEVICE_FAMILY = "1,2";
			};
			name = Debug;
		};
		6003F5BE195388D20070C39A /* Release */ = {
			isa = XCBuildConfiguration;
			buildSettings = {
				ALWAYS_SEARCH_USER_PATHS = NO;
				CLANG_CXX_LANGUAGE_STANDARD = "gnu++0x";
				CLANG_CXX_LIBRARY = "libc++";
				CLANG_ENABLE_MODULES = YES;
				CLANG_ENABLE_OBJC_ARC = YES;
				CLANG_WARN_BOOL_CONVERSION = YES;
				CLANG_WARN_CONSTANT_CONVERSION = YES;
				CLANG_WARN_DIRECT_OBJC_ISA_USAGE = YES_ERROR;
				CLANG_WARN_EMPTY_BODY = YES;
				CLANG_WARN_ENUM_CONVERSION = YES;
				CLANG_WARN_INT_CONVERSION = YES;
				CLANG_WARN_OBJC_ROOT_CLASS = YES_ERROR;
				CLANG_WARN__DUPLICATE_METHOD_MATCH = YES;
				"CODE_SIGN_IDENTITY[sdk=iphoneos*]" = "iPhone Developer";
				COPY_PHASE_STRIP = YES;
				ENABLE_NS_ASSERTIONS = NO;
				GCC_C_LANGUAGE_STANDARD = gnu99;
				GCC_WARN_64_TO_32_BIT_CONVERSION = YES;
				GCC_WARN_ABOUT_RETURN_TYPE = YES_ERROR;
				GCC_WARN_UNDECLARED_SELECTOR = YES;
				GCC_WARN_UNINITIALIZED_AUTOS = YES_AGGRESSIVE;
				GCC_WARN_UNUSED_FUNCTION = YES;
				GCC_WARN_UNUSED_VARIABLE = YES;
				IPHONEOS_DEPLOYMENT_TARGET = 7.0;
				SDKROOT = iphoneos;
				TARGETED_DEVICE_FAMILY = "1,2";
				VALIDATE_PRODUCT = YES;
			};
			name = Release;
		};
		6003F5C0195388D20070C39A /* Debug */ = {
			isa = XCBuildConfiguration;
			baseConfigurationReference = 3362FCF44AA25FB6C07AA3D3 /* Pods-SGASScreenRecorderDemo.debug.xcconfig */;
			buildSettings = {
				ASSETCATALOG_COMPILER_APPICON_NAME = AppIcon;
				ASSETCATALOG_COMPILER_LAUNCHIMAGE_NAME = LaunchImage;
				CODE_SIGN_IDENTITY = "iPhone Developer";
				INFOPLIST_FILE = "SGASScreenRecorderDemo/SGASScreenRecorderDemo-Info.plist";
				PRODUCT_NAME = SGASScreenRecorderDemo;
				WRAPPER_EXTENSION = app;
			};
			name = Debug;
		};
		6003F5C1195388D20070C39A /* Release */ = {
			isa = XCBuildConfiguration;
			baseConfigurationReference = DEC593A0333839132F38437C /* Pods-SGASScreenRecorderDemo.release.xcconfig */;
			buildSettings = {
				ASSETCATALOG_COMPILER_APPICON_NAME = AppIcon;
				ASSETCATALOG_COMPILER_LAUNCHIMAGE_NAME = LaunchImage;
				INFOPLIST_FILE = "SGASScreenRecorderDemo/SGASScreenRecorderDemo-Info.plist";
				PRODUCT_NAME = SGASScreenRecorderDemo;
				WRAPPER_EXTENSION = app;
			};
			name = Release;
		};
/* End XCBuildConfiguration section */

/* Begin XCConfigurationList section */
		6003F585195388D10070C39A /* Build configuration list for PBXProject "SGASScreenRecorderDemo" */ = {
			isa = XCConfigurationList;
			buildConfigurations = (
				6003F5BD195388D20070C39A /* Debug */,
				6003F5BE195388D20070C39A /* Release */,
			);
			defaultConfigurationIsVisible = 0;
			defaultConfigurationName = Release;
		};
		6003F5BF195388D20070C39A /* Build configuration list for PBXNativeTarget "SGASScreenRecorderDemo" */ = {
			isa = XCConfigurationList;
			buildConfigurations = (
				6003F5C0195388D20070C39A /* Debug */,
				6003F5C1195388D20070C39A /* Release */,
			);
			defaultConfigurationIsVisible = 0;
			defaultConfigurationName = Release;
		};
/* End XCConfigurationList section */
	};
	rootObject = 6003F582195388D10070C39A /* Project object */;
}
